// !$*UTF8*$!
{
	archiveVersion = 1;
	classes = {
	};
	objectVersion = 56;
	objects = {

/* Begin PBXBuildFile section */
		4D1A6DD72A19056B004ADCA1 /* SDWebImage in Frameworks */ = {isa = PBXBuildFile; productRef = 4D1A6DD62A19056B004ADCA1 /* SDWebImage */; };
		4D1A6DD92A19056B004ADCA1 /* SDWebImageMapKit in Frameworks */ = {isa = PBXBuildFile; productRef = 4D1A6DD82A19056B004ADCA1 /* SDWebImageMapKit */; };
		4D1A6DDC2A19BB8B004ADCA1 /* Toast in Frameworks */ = {isa = PBXBuildFile; productRef = 4D1A6DDB2A19BB8B004ADCA1 /* Toast */; };
		4D1A6DDE2A19C3FA004ADCA1 /* UIViewController+Extensions.swift in Sources */ = {isa = PBXBuildFile; fileRef = 4D1A6DDD2A19C3FA004ADCA1 /* UIViewController+Extensions.swift */; };
		4D1A6DE02A19CAA1004ADCA1 /* CollectionViewController.swift in Sources */ = {isa = PBXBuildFile; fileRef = 4D1A6DDF2A19CAA1004ADCA1 /* CollectionViewController.swift */; };
		4D1A6DE22A19DF80004ADCA1 /* WelcomeViewController.swift in Sources */ = {isa = PBXBuildFile; fileRef = 4D1A6DE12A19DF80004ADCA1 /* WelcomeViewController.swift */; };
		4D1A6DE42A19E227004ADCA1 /* FeatureInfo.swift in Sources */ = {isa = PBXBuildFile; fileRef = 4D1A6DE32A19E227004ADCA1 /* FeatureInfo.swift */; };
		4D1A6DE62A19E483004ADCA1 /* Bundle+Extensions.swift in Sources */ = {isa = PBXBuildFile; fileRef = 4D1A6DE52A19E483004ADCA1 /* Bundle+Extensions.swift */; };
		4D1A6DE82A19E5CC004ADCA1 /* WelcomeManager.swift in Sources */ = {isa = PBXBuildFile; fileRef = 4D1A6DE72A19E5CC004ADCA1 /* WelcomeManager.swift */; };
		4D1A6DEA2A19E64A004ADCA1 /* UserDefaults+Extensions.swift in Sources */ = {isa = PBXBuildFile; fileRef = 4D1A6DE92A19E64A004ADCA1 /* UserDefaults+Extensions.swift */; };
		4D1A6DEC2A19E68A004ADCA1 /* UIApplication+Extensions.swift in Sources */ = {isa = PBXBuildFile; fileRef = 4D1A6DEB2A19E68A004ADCA1 /* UIApplication+Extensions.swift */; };
		4D1A6DF12A1A0584004ADCA1 /* Localizable.strings in Resources */ = {isa = PBXBuildFile; fileRef = 4D1A6DF32A1A0584004ADCA1 /* Localizable.strings */; };
		4D1A6DF72A1A1863004ADCA1 /* NearbyPlacesViewController.swift in Sources */ = {isa = PBXBuildFile; fileRef = 4D1A6DF62A1A1863004ADCA1 /* NearbyPlacesViewController.swift */; };
		4D1A6DF92A1A1ABF004ADCA1 /* UIColor+Extensions.swift in Sources */ = {isa = PBXBuildFile; fileRef = 4D1A6DF82A1A1ABF004ADCA1 /* UIColor+Extensions.swift */; };
		4D1A6DFB2A1A1F93004ADCA1 /* LyricCollection.swift in Sources */ = {isa = PBXBuildFile; fileRef = 4D1A6DFA2A1A1F93004ADCA1 /* LyricCollection.swift */; };
		4D1A6DFD2A1A6F57004ADCA1 /* SectionHeader.swift in Sources */ = {isa = PBXBuildFile; fileRef = 4D1A6DFC2A1A6F57004ADCA1 /* SectionHeader.swift */; };
		4D1A6DFF2A1A6F62004ADCA1 /* FeaturedCell.swift in Sources */ = {isa = PBXBuildFile; fileRef = 4D1A6DFE2A1A6F62004ADCA1 /* FeaturedCell.swift */; };
		4D1A6E012A1A6F6B004ADCA1 /* MediumTableCell.swift in Sources */ = {isa = PBXBuildFile; fileRef = 4D1A6E002A1A6F6B004ADCA1 /* MediumTableCell.swift */; };
		4D1A6E032A1A6F72004ADCA1 /* SmallTableCell.swift in Sources */ = {isa = PBXBuildFile; fileRef = 4D1A6E022A1A6F72004ADCA1 /* SmallTableCell.swift */; };
		4D1A6E072A1A7009004ADCA1 /* SelfConfiguringCell.swift in Sources */ = {isa = PBXBuildFile; fileRef = 4D1A6E062A1A7009004ADCA1 /* SelfConfiguringCell.swift */; };
		4D1A6E0B2A1A74CE004ADCA1 /* Section.swift in Sources */ = {isa = PBXBuildFile; fileRef = 4D1A6E0A2A1A74CE004ADCA1 /* Section.swift */; };
		4D1A6E0D2A1A778E004ADCA1 /* SectionList.swift in Sources */ = {isa = PBXBuildFile; fileRef = 4D1A6E0C2A1A778E004ADCA1 /* SectionList.swift */; };
		4D1A6E0F2A1A79F7004ADCA1 /* featuredlyrics.json in Resources */ = {isa = PBXBuildFile; fileRef = 4D1A6E0E2A1A79F7004ADCA1 /* featuredlyrics.json */; };
		4D1A6E152A1A7AE6004ADCA1 /* LookinServer in Frameworks */ = {isa = PBXBuildFile; productRef = 4D1A6E142A1A7AE6004ADCA1 /* LookinServer */; };
		4D1A6E172A1A81B2004ADCA1 /* UIImage+Extensions.swift in Sources */ = {isa = PBXBuildFile; fileRef = 4D1A6E162A1A81B2004ADCA1 /* UIImage+Extensions.swift */; };
		4D1A6E192A1B17B4004ADCA1 /* AddCollectionViewController.swift in Sources */ = {isa = PBXBuildFile; fileRef = 4D1A6E182A1B17B4004ADCA1 /* AddCollectionViewController.swift */; };
		4D1A6E1B2A1B18A2004ADCA1 /* ZoomButton.swift in Sources */ = {isa = PBXBuildFile; fileRef = 4D1A6E1A2A1B18A2004ADCA1 /* ZoomButton.swift */; };
		4D1A6E1D2A1B1BFA004ADCA1 /* ViewZoomHelper.swift in Sources */ = {isa = PBXBuildFile; fileRef = 4D1A6E1C2A1B1BFA004ADCA1 /* ViewZoomHelper.swift */; };
		4D1A6E1F2A1B2C6B004ADCA1 /* LyricCollectionViewCell.swift in Sources */ = {isa = PBXBuildFile; fileRef = 4D1A6E1E2A1B2C6B004ADCA1 /* LyricCollectionViewCell.swift */; };
		4D1A6E222A1CAA30004ADCA1 /* SongInfo.swift in Sources */ = {isa = PBXBuildFile; fileRef = 4D1A6E212A1CAA30004ADCA1 /* SongInfo.swift */; };
		4D1A6E262A1CE3A8004ADCA1 /* LyricCalloutView.swift in Sources */ = {isa = PBXBuildFile; fileRef = 4D1A6E252A1CE3A8004ADCA1 /* LyricCalloutView.swift */; };
		4D4571572A0D15A8004BBF62 /* MapViewController.swift in Sources */ = {isa = PBXBuildFile; fileRef = 4D4571562A0D15A8004BBF62 /* MapViewController.swift */; };
		4D4571592A0D16F9004BBF62 /* DiscoverViewController.swift in Sources */ = {isa = PBXBuildFile; fileRef = 4D4571582A0D16F9004BBF62 /* DiscoverViewController.swift */; };
		4D45715B2A0D1763004BBF62 /* BookmarkViewController.swift in Sources */ = {isa = PBXBuildFile; fileRef = 4D45715A2A0D1763004BBF62 /* BookmarkViewController.swift */; };
		4D45715D2A0DF34D004BBF62 /* BaseViewController.swift in Sources */ = {isa = PBXBuildFile; fileRef = 4D45715C2A0DF34D004BBF62 /* BaseViewController.swift */; };
		4D56EAEE2A0BBDF400BD615C /* AppDelegate.swift in Sources */ = {isa = PBXBuildFile; fileRef = 4D56EAED2A0BBDF400BD615C /* AppDelegate.swift */; };
		4D56EAF02A0BBDF400BD615C /* SceneDelegate.swift in Sources */ = {isa = PBXBuildFile; fileRef = 4D56EAEF2A0BBDF400BD615C /* SceneDelegate.swift */; };
		4D56EAF22A0BBDF400BD615C /* TabViewController.swift in Sources */ = {isa = PBXBuildFile; fileRef = 4D56EAF12A0BBDF400BD615C /* TabViewController.swift */; };
		4D56EAF72A0BBDF600BD615C /* Assets.xcassets in Resources */ = {isa = PBXBuildFile; fileRef = 4D56EAF62A0BBDF600BD615C /* Assets.xcassets */; };
		4D56EAFA2A0BBDF600BD615C /* LaunchScreen.storyboard in Resources */ = {isa = PBXBuildFile; fileRef = 4D56EAF82A0BBDF600BD615C /* LaunchScreen.storyboard */; };
		4D8803542A12618600FB6368 /* SnapKit in Frameworks */ = {isa = PBXBuildFile; productRef = 4D8803532A12618600FB6368 /* SnapKit */; };
		4D88035A2A126AAC00FB6368 /* MacroDefines.swift in Sources */ = {isa = PBXBuildFile; fileRef = 4D8803592A126AAC00FB6368 /* MacroDefines.swift */; };
		4D88035C2A132F4A00FB6368 /* ARLyricViewController.swift in Sources */ = {isa = PBXBuildFile; fileRef = 4D88035B2A132F4A00FB6368 /* ARLyricViewController.swift */; };
		4D88035E2A147B1800FB6368 /* LyricInfo.swift in Sources */ = {isa = PBXBuildFile; fileRef = 4D88035D2A147B1800FB6368 /* LyricInfo.swift */; };
/* End PBXBuildFile section */

/* Begin PBXFileReference section */
		4D1A6DDD2A19C3FA004ADCA1 /* UIViewController+Extensions.swift */ = {isa = PBXFileReference; lastKnownFileType = sourcecode.swift; path = "UIViewController+Extensions.swift"; sourceTree = "<group>"; };
		4D1A6DDF2A19CAA1004ADCA1 /* CollectionViewController.swift */ = {isa = PBXFileReference; lastKnownFileType = sourcecode.swift; path = CollectionViewController.swift; sourceTree = "<group>"; };
		4D1A6DE12A19DF80004ADCA1 /* WelcomeViewController.swift */ = {isa = PBXFileReference; lastKnownFileType = sourcecode.swift; path = WelcomeViewController.swift; sourceTree = "<group>"; };
		4D1A6DE32A19E227004ADCA1 /* FeatureInfo.swift */ = {isa = PBXFileReference; lastKnownFileType = sourcecode.swift; path = FeatureInfo.swift; sourceTree = "<group>"; };
		4D1A6DE52A19E483004ADCA1 /* Bundle+Extensions.swift */ = {isa = PBXFileReference; lastKnownFileType = sourcecode.swift; path = "Bundle+Extensions.swift"; sourceTree = "<group>"; };
		4D1A6DE72A19E5CC004ADCA1 /* WelcomeManager.swift */ = {isa = PBXFileReference; lastKnownFileType = sourcecode.swift; path = WelcomeManager.swift; sourceTree = "<group>"; };
		4D1A6DE92A19E64A004ADCA1 /* UserDefaults+Extensions.swift */ = {isa = PBXFileReference; lastKnownFileType = sourcecode.swift; path = "UserDefaults+Extensions.swift"; sourceTree = "<group>"; };
		4D1A6DEB2A19E68A004ADCA1 /* UIApplication+Extensions.swift */ = {isa = PBXFileReference; lastKnownFileType = sourcecode.swift; path = "UIApplication+Extensions.swift"; sourceTree = "<group>"; };
		4D1A6DF22A1A0584004ADCA1 /* en */ = {isa = PBXFileReference; lastKnownFileType = text.plist.strings; name = en; path = en.lproj/Localizable.strings; sourceTree = "<group>"; };
		4D1A6DF42A1A05AA004ADCA1 /* zh-HK */ = {isa = PBXFileReference; lastKnownFileType = text.plist.strings; name = "zh-HK"; path = "zh-HK.lproj/Localizable.strings"; sourceTree = "<group>"; };
		4D1A6DF52A1A05B6004ADCA1 /* zh-Hans */ = {isa = PBXFileReference; lastKnownFileType = text.plist.strings; name = "zh-Hans"; path = "zh-Hans.lproj/Localizable.strings"; sourceTree = "<group>"; };
		4D1A6DF62A1A1863004ADCA1 /* NearbyPlacesViewController.swift */ = {isa = PBXFileReference; lastKnownFileType = sourcecode.swift; path = NearbyPlacesViewController.swift; sourceTree = "<group>"; };
		4D1A6DF82A1A1ABF004ADCA1 /* UIColor+Extensions.swift */ = {isa = PBXFileReference; lastKnownFileType = sourcecode.swift; path = "UIColor+Extensions.swift"; sourceTree = "<group>"; };
		4D1A6DFA2A1A1F93004ADCA1 /* LyricCollection.swift */ = {isa = PBXFileReference; lastKnownFileType = sourcecode.swift; path = LyricCollection.swift; sourceTree = "<group>"; };
		4D1A6DFC2A1A6F57004ADCA1 /* SectionHeader.swift */ = {isa = PBXFileReference; fileEncoding = 4; lastKnownFileType = sourcecode.swift; path = SectionHeader.swift; sourceTree = "<group>"; };
		4D1A6DFE2A1A6F62004ADCA1 /* FeaturedCell.swift */ = {isa = PBXFileReference; fileEncoding = 4; lastKnownFileType = sourcecode.swift; path = FeaturedCell.swift; sourceTree = "<group>"; };
		4D1A6E002A1A6F6B004ADCA1 /* MediumTableCell.swift */ = {isa = PBXFileReference; fileEncoding = 4; lastKnownFileType = sourcecode.swift; path = MediumTableCell.swift; sourceTree = "<group>"; };
		4D1A6E022A1A6F72004ADCA1 /* SmallTableCell.swift */ = {isa = PBXFileReference; fileEncoding = 4; lastKnownFileType = sourcecode.swift; path = SmallTableCell.swift; sourceTree = "<group>"; };
		4D1A6E062A1A7009004ADCA1 /* SelfConfiguringCell.swift */ = {isa = PBXFileReference; fileEncoding = 4; lastKnownFileType = sourcecode.swift; path = SelfConfiguringCell.swift; sourceTree = "<group>"; };
		4D1A6E0A2A1A74CE004ADCA1 /* Section.swift */ = {isa = PBXFileReference; lastKnownFileType = sourcecode.swift; path = Section.swift; sourceTree = "<group>"; };
		4D1A6E0C2A1A778E004ADCA1 /* SectionList.swift */ = {isa = PBXFileReference; lastKnownFileType = sourcecode.swift; path = SectionList.swift; sourceTree = "<group>"; };
		4D1A6E0E2A1A79F7004ADCA1 /* featuredlyrics.json */ = {isa = PBXFileReference; fileEncoding = 4; lastKnownFileType = text.json; path = featuredlyrics.json; sourceTree = "<group>"; };
		4D1A6E162A1A81B2004ADCA1 /* UIImage+Extensions.swift */ = {isa = PBXFileReference; lastKnownFileType = sourcecode.swift; path = "UIImage+Extensions.swift"; sourceTree = "<group>"; };
		4D1A6E182A1B17B4004ADCA1 /* AddCollectionViewController.swift */ = {isa = PBXFileReference; lastKnownFileType = sourcecode.swift; path = AddCollectionViewController.swift; sourceTree = "<group>"; };
		4D1A6E1A2A1B18A2004ADCA1 /* ZoomButton.swift */ = {isa = PBXFileReference; lastKnownFileType = sourcecode.swift; path = ZoomButton.swift; sourceTree = "<group>"; };
		4D1A6E1C2A1B1BFA004ADCA1 /* ViewZoomHelper.swift */ = {isa = PBXFileReference; lastKnownFileType = sourcecode.swift; path = ViewZoomHelper.swift; sourceTree = "<group>"; };
		4D1A6E1E2A1B2C6B004ADCA1 /* LyricCollectionViewCell.swift */ = {isa = PBXFileReference; lastKnownFileType = sourcecode.swift; path = LyricCollectionViewCell.swift; sourceTree = "<group>"; };
		4D1A6E212A1CAA30004ADCA1 /* SongInfo.swift */ = {isa = PBXFileReference; lastKnownFileType = sourcecode.swift; path = SongInfo.swift; sourceTree = "<group>"; };
		4D1A6E252A1CE3A8004ADCA1 /* LyricCalloutView.swift */ = {isa = PBXFileReference; lastKnownFileType = sourcecode.swift; path = LyricCalloutView.swift; sourceTree = "<group>"; };
		4D4571562A0D15A8004BBF62 /* MapViewController.swift */ = {isa = PBXFileReference; lastKnownFileType = sourcecode.swift; path = MapViewController.swift; sourceTree = "<group>"; };
		4D4571582A0D16F9004BBF62 /* DiscoverViewController.swift */ = {isa = PBXFileReference; lastKnownFileType = sourcecode.swift; path = DiscoverViewController.swift; sourceTree = "<group>"; };
		4D45715A2A0D1763004BBF62 /* BookmarkViewController.swift */ = {isa = PBXFileReference; lastKnownFileType = sourcecode.swift; path = BookmarkViewController.swift; sourceTree = "<group>"; };
		4D45715C2A0DF34D004BBF62 /* BaseViewController.swift */ = {isa = PBXFileReference; lastKnownFileType = sourcecode.swift; path = BaseViewController.swift; sourceTree = "<group>"; };
		4D56EAEA2A0BBDF400BD615C /* LyricMap.app */ = {isa = PBXFileReference; explicitFileType = wrapper.application; includeInIndex = 0; path = LyricMap.app; sourceTree = BUILT_PRODUCTS_DIR; };
		4D56EAED2A0BBDF400BD615C /* AppDelegate.swift */ = {isa = PBXFileReference; lastKnownFileType = sourcecode.swift; path = AppDelegate.swift; sourceTree = "<group>"; };
		4D56EAEF2A0BBDF400BD615C /* SceneDelegate.swift */ = {isa = PBXFileReference; lastKnownFileType = sourcecode.swift; path = SceneDelegate.swift; sourceTree = "<group>"; };
		4D56EAF12A0BBDF400BD615C /* TabViewController.swift */ = {isa = PBXFileReference; lastKnownFileType = sourcecode.swift; path = TabViewController.swift; sourceTree = "<group>"; };
		4D56EAF62A0BBDF600BD615C /* Assets.xcassets */ = {isa = PBXFileReference; lastKnownFileType = folder.assetcatalog; path = Assets.xcassets; sourceTree = "<group>"; };
		4D56EAF92A0BBDF600BD615C /* Base */ = {isa = PBXFileReference; lastKnownFileType = file.storyboard; name = Base; path = Base.lproj/LaunchScreen.storyboard; sourceTree = "<group>"; };
		4D56EAFB2A0BBDF600BD615C /* Info.plist */ = {isa = PBXFileReference; lastKnownFileType = text.plist.xml; path = Info.plist; sourceTree = "<group>"; };
		4D8803592A126AAC00FB6368 /* MacroDefines.swift */ = {isa = PBXFileReference; lastKnownFileType = sourcecode.swift; path = MacroDefines.swift; sourceTree = "<group>"; };
		4D88035B2A132F4A00FB6368 /* ARLyricViewController.swift */ = {isa = PBXFileReference; lastKnownFileType = sourcecode.swift; path = ARLyricViewController.swift; sourceTree = "<group>"; };
		4D88035D2A147B1800FB6368 /* LyricInfo.swift */ = {isa = PBXFileReference; lastKnownFileType = sourcecode.swift; path = LyricInfo.swift; sourceTree = "<group>"; };
/* End PBXFileReference section */

/* Begin PBXFrameworksBuildPhase section */
		4D56EAE72A0BBDF400BD615C /* Frameworks */ = {
			isa = PBXFrameworksBuildPhase;
			buildActionMask = 2147483647;
			files = (
				4D1A6DD72A19056B004ADCA1 /* SDWebImage in Frameworks */,
				4D1A6E152A1A7AE6004ADCA1 /* LookinServer in Frameworks */,
				4D8803542A12618600FB6368 /* SnapKit in Frameworks */,
				4D1A6DD92A19056B004ADCA1 /* SDWebImageMapKit in Frameworks */,
				4D1A6DDC2A19BB8B004ADCA1 /* Toast in Frameworks */,
			);
			runOnlyForDeploymentPostprocessing = 0;
		};
/* End PBXFrameworksBuildPhase section */

/* Begin PBXGroup section */
		4D45715E2A0DF3FA004BBF62 /* Model */ = {
			isa = PBXGroup;
			children = (
				4D88035D2A147B1800FB6368 /* LyricInfo.swift */,
				4D1A6DE32A19E227004ADCA1 /* FeatureInfo.swift */,
				4D1A6DFA2A1A1F93004ADCA1 /* LyricCollection.swift */,
				4D1A6E0A2A1A74CE004ADCA1 /* Section.swift */,
				4D1A6E0C2A1A778E004ADCA1 /* SectionList.swift */,
				4D1A6E212A1CAA30004ADCA1 /* SongInfo.swift */,
			);
			path = Model;
			sourceTree = "<group>";
		};
		4D56EAE12A0BBDF400BD615C = {
			isa = PBXGroup;
			children = (
				4D56EAEC2A0BBDF400BD615C /* LyricMap */,
				4D56EAEB2A0BBDF400BD615C /* Products */,
			);
			sourceTree = "<group>";
		};
		4D56EAEB2A0BBDF400BD615C /* Products */ = {
			isa = PBXGroup;
			children = (
				4D56EAEA2A0BBDF400BD615C /* LyricMap.app */,
			);
			name = Products;
			sourceTree = "<group>";
		};
		4D56EAEC2A0BBDF400BD615C /* LyricMap */ = {
			isa = PBXGroup;
			children = (
				4D1A6E0E2A1A79F7004ADCA1 /* featuredlyrics.json */,
				4D8803642A148C1D00FB6368 /* ViewControllers */,
				4D8803582A126A6300FB6368 /* Extensions */,
				4D8803552A1262A200FB6368 /* View */,
				4D45715E2A0DF3FA004BBF62 /* Model */,
				4D56EAED2A0BBDF400BD615C /* AppDelegate.swift */,
				4D56EAEF2A0BBDF400BD615C /* SceneDelegate.swift */,
				4D1A6DE72A19E5CC004ADCA1 /* WelcomeManager.swift */,
				4D1A6DF32A1A0584004ADCA1 /* Localizable.strings */,
				4D56EAF62A0BBDF600BD615C /* Assets.xcassets */,
				4D56EAF82A0BBDF600BD615C /* LaunchScreen.storyboard */,
				4D56EAFB2A0BBDF600BD615C /* Info.plist */,
			);
			path = LyricMap;
			sourceTree = "<group>";
		};
		4D8803552A1262A200FB6368 /* View */ = {
			isa = PBXGroup;
			children = (
				4D1A6E062A1A7009004ADCA1 /* SelfConfiguringCell.swift */,
				4D1A6E022A1A6F72004ADCA1 /* SmallTableCell.swift */,
				4D1A6E002A1A6F6B004ADCA1 /* MediumTableCell.swift */,
				4D1A6DFE2A1A6F62004ADCA1 /* FeaturedCell.swift */,
				4D1A6DFC2A1A6F57004ADCA1 /* SectionHeader.swift */,
				4D1A6E1A2A1B18A2004ADCA1 /* ZoomButton.swift */,
				4D1A6E1C2A1B1BFA004ADCA1 /* ViewZoomHelper.swift */,
				4D1A6E1E2A1B2C6B004ADCA1 /* LyricCollectionViewCell.swift */,
				4D1A6E252A1CE3A8004ADCA1 /* LyricCalloutView.swift */,
			);
			path = View;
			sourceTree = "<group>";
		};
		4D8803582A126A6300FB6368 /* Extensions */ = {
			isa = PBXGroup;
			children = (
				4D8803592A126AAC00FB6368 /* MacroDefines.swift */,
				4D1A6DE52A19E483004ADCA1 /* Bundle+Extensions.swift */,
				4D1A6DDD2A19C3FA004ADCA1 /* UIViewController+Extensions.swift */,
				4D1A6DE92A19E64A004ADCA1 /* UserDefaults+Extensions.swift */,
				4D1A6DEB2A19E68A004ADCA1 /* UIApplication+Extensions.swift */,
				4D1A6DF82A1A1ABF004ADCA1 /* UIColor+Extensions.swift */,
				4D1A6E162A1A81B2004ADCA1 /* UIImage+Extensions.swift */,
			);
			path = Extensions;
			sourceTree = "<group>";
		};
		4D8803642A148C1D00FB6368 /* ViewControllers */ = {
			isa = PBXGroup;
			children = (
				4D45715C2A0DF34D004BBF62 /* BaseViewController.swift */,
				4D56EAF12A0BBDF400BD615C /* TabViewController.swift */,
				4D88035B2A132F4A00FB6368 /* ARLyricViewController.swift */,
				4D45715A2A0D1763004BBF62 /* BookmarkViewController.swift */,
				4D4571582A0D16F9004BBF62 /* DiscoverViewController.swift */,
				4D4571562A0D15A8004BBF62 /* MapViewController.swift */,
				4D1A6DDF2A19CAA1004ADCA1 /* CollectionViewController.swift */,
				4D1A6DE12A19DF80004ADCA1 /* WelcomeViewController.swift */,
				4D1A6DF62A1A1863004ADCA1 /* NearbyPlacesViewController.swift */,
				4D1A6E182A1B17B4004ADCA1 /* AddCollectionViewController.swift */,
			);
			path = ViewControllers;
			sourceTree = "<group>";
		};
/* End PBXGroup section */

/* Begin PBXNativeTarget section */
		4D56EAE92A0BBDF400BD615C /* LyricMap */ = {
			isa = PBXNativeTarget;
			buildConfigurationList = 4D56EAFE2A0BBDF600BD615C /* Build configuration list for PBXNativeTarget "LyricMap" */;
			buildPhases = (
				4D56EAE62A0BBDF400BD615C /* Sources */,
				4D56EAE72A0BBDF400BD615C /* Frameworks */,
				4D56EAE82A0BBDF400BD615C /* Resources */,
			);
			buildRules = (
			);
			dependencies = (
			);
			name = LyricMap;
			packageProductDependencies = (
				4D8803532A12618600FB6368 /* SnapKit */,
				4D1A6DD62A19056B004ADCA1 /* SDWebImage */,
				4D1A6DD82A19056B004ADCA1 /* SDWebImageMapKit */,
				4D1A6DDB2A19BB8B004ADCA1 /* Toast */,
				4D1A6E142A1A7AE6004ADCA1 /* LookinServer */,
			);
			productName = LyricMap;
			productReference = 4D56EAEA2A0BBDF400BD615C /* LyricMap.app */;
			productType = "com.apple.product-type.application";
		};
/* End PBXNativeTarget section */

/* Begin PBXProject section */
		4D56EAE22A0BBDF400BD615C /* Project object */ = {
			isa = PBXProject;
			attributes = {
				BuildIndependentTargetsInParallel = 1;
				LastSwiftUpdateCheck = 1430;
				LastUpgradeCheck = 1430;
				TargetAttributes = {
					4D56EAE92A0BBDF400BD615C = {
						CreatedOnToolsVersion = 14.3;
					};
				};
			};
			buildConfigurationList = 4D56EAE52A0BBDF400BD615C /* Build configuration list for PBXProject "LyricMap" */;
			compatibilityVersion = "Xcode 14.0";
			developmentRegion = en;
			hasScannedForEncodings = 0;
			knownRegions = (
				en,
				Base,
				"zh-HK",
				"zh-Hans",
			);
			mainGroup = 4D56EAE12A0BBDF400BD615C;
			packageReferences = (
				4D8803522A12618600FB6368 /* XCRemoteSwiftPackageReference "SnapKit" */,
				4D1A6DD52A19056B004ADCA1 /* XCRemoteSwiftPackageReference "SDWebImage" */,
				4D1A6DDA2A19BB8B004ADCA1 /* XCRemoteSwiftPackageReference "toast-swift" */,
				4D1A6E132A1A7AE6004ADCA1 /* XCRemoteSwiftPackageReference "LookinServer" */,
			);
			productRefGroup = 4D56EAEB2A0BBDF400BD615C /* Products */;
			projectDirPath = "";
			projectRoot = "";
			targets = (
				4D56EAE92A0BBDF400BD615C /* LyricMap */,
			);
		};
/* End PBXProject section */

/* Begin PBXResourcesBuildPhase section */
		4D56EAE82A0BBDF400BD615C /* Resources */ = {
			isa = PBXResourcesBuildPhase;
			buildActionMask = 2147483647;
			files = (
				4D56EAFA2A0BBDF600BD615C /* LaunchScreen.storyboard in Resources */,
				4D1A6E0F2A1A79F7004ADCA1 /* featuredlyrics.json in Resources */,
				4D1A6DF12A1A0584004ADCA1 /* Localizable.strings in Resources */,
				4D56EAF72A0BBDF600BD615C /* Assets.xcassets in Resources */,
			);
			runOnlyForDeploymentPostprocessing = 0;
		};
/* End PBXResourcesBuildPhase section */

/* Begin PBXSourcesBuildPhase section */
		4D56EAE62A0BBDF400BD615C /* Sources */ = {
			isa = PBXSourcesBuildPhase;
			buildActionMask = 2147483647;
			files = (
				4D1A6DFB2A1A1F93004ADCA1 /* LyricCollection.swift in Sources */,
				4D45715B2A0D1763004BBF62 /* BookmarkViewController.swift in Sources */,
				4D1A6E1F2A1B2C6B004ADCA1 /* LyricCollectionViewCell.swift in Sources */,
				4D1A6DE82A19E5CC004ADCA1 /* WelcomeManager.swift in Sources */,
				4D1A6DFF2A1A6F62004ADCA1 /* FeaturedCell.swift in Sources */,
				4D1A6DEA2A19E64A004ADCA1 /* UserDefaults+Extensions.swift in Sources */,
				4D1A6DDE2A19C3FA004ADCA1 /* UIViewController+Extensions.swift in Sources */,
				4D1A6DE62A19E483004ADCA1 /* Bundle+Extensions.swift in Sources */,
				4D88035E2A147B1800FB6368 /* LyricInfo.swift in Sources */,
				4D1A6DE42A19E227004ADCA1 /* FeatureInfo.swift in Sources */,
				4D1A6DF72A1A1863004ADCA1 /* NearbyPlacesViewController.swift in Sources */,
				4D1A6E0B2A1A74CE004ADCA1 /* Section.swift in Sources */,
				4D1A6E012A1A6F6B004ADCA1 /* MediumTableCell.swift in Sources */,
				4D1A6DE02A19CAA1004ADCA1 /* CollectionViewController.swift in Sources */,
				4D56EAF22A0BBDF400BD615C /* TabViewController.swift in Sources */,
				4D1A6DEC2A19E68A004ADCA1 /* UIApplication+Extensions.swift in Sources */,
				4D1A6E192A1B17B4004ADCA1 /* AddCollectionViewController.swift in Sources */,
				4D1A6DE22A19DF80004ADCA1 /* WelcomeViewController.swift in Sources */,
				4D56EAEE2A0BBDF400BD615C /* AppDelegate.swift in Sources */,
				4D1A6E1B2A1B18A2004ADCA1 /* ZoomButton.swift in Sources */,
				4D1A6E032A1A6F72004ADCA1 /* SmallTableCell.swift in Sources */,
				4D56EAF02A0BBDF400BD615C /* SceneDelegate.swift in Sources */,
				4D1A6E222A1CAA30004ADCA1 /* SongInfo.swift in Sources */,
				4D4571572A0D15A8004BBF62 /* MapViewController.swift in Sources */,
				4D1A6E072A1A7009004ADCA1 /* SelfConfiguringCell.swift in Sources */,
				4D45715D2A0DF34D004BBF62 /* BaseViewController.swift in Sources */,
				4D1A6E172A1A81B2004ADCA1 /* UIImage+Extensions.swift in Sources */,
				4D88035A2A126AAC00FB6368 /* MacroDefines.swift in Sources */,
				4D1A6DFD2A1A6F57004ADCA1 /* SectionHeader.swift in Sources */,
				4D1A6DF92A1A1ABF004ADCA1 /* UIColor+Extensions.swift in Sources */,
				4D1A6E0D2A1A778E004ADCA1 /* SectionList.swift in Sources */,
				4D1A6E262A1CE3A8004ADCA1 /* LyricCalloutView.swift in Sources */,
				4D88035C2A132F4A00FB6368 /* ARLyricViewController.swift in Sources */,
				4D4571592A0D16F9004BBF62 /* DiscoverViewController.swift in Sources */,
				4D1A6E1D2A1B1BFA004ADCA1 /* ViewZoomHelper.swift in Sources */,
			);
			runOnlyForDeploymentPostprocessing = 0;
		};
/* End PBXSourcesBuildPhase section */

/* Begin PBXVariantGroup section */
		4D1A6DF32A1A0584004ADCA1 /* Localizable.strings */ = {
			isa = PBXVariantGroup;
			children = (
				4D1A6DF22A1A0584004ADCA1 /* en */,
				4D1A6DF42A1A05AA004ADCA1 /* zh-HK */,
				4D1A6DF52A1A05B6004ADCA1 /* zh-Hans */,
			);
			name = Localizable.strings;
			sourceTree = "<group>";
		};
		4D56EAF82A0BBDF600BD615C /* LaunchScreen.storyboard */ = {
			isa = PBXVariantGroup;
			children = (
				4D56EAF92A0BBDF600BD615C /* Base */,
			);
			name = LaunchScreen.storyboard;
			sourceTree = "<group>";
		};
/* End PBXVariantGroup section */

/* Begin XCBuildConfiguration section */
		4D56EAFC2A0BBDF600BD615C /* Debug */ = {
			isa = XCBuildConfiguration;
			buildSettings = {
				ALWAYS_SEARCH_USER_PATHS = NO;
				CLANG_ANALYZER_LOCALIZABILITY_NONLOCALIZED = YES;
				CLANG_ANALYZER_NONNULL = YES;
				CLANG_ANALYZER_NUMBER_OBJECT_CONVERSION = YES_AGGRESSIVE;
				CLANG_CXX_LANGUAGE_STANDARD = "gnu++20";
				CLANG_ENABLE_MODULES = YES;
				CLANG_ENABLE_OBJC_ARC = YES;
				CLANG_ENABLE_OBJC_WEAK = YES;
				CLANG_WARN_BLOCK_CAPTURE_AUTORELEASING = YES;
				CLANG_WARN_BOOL_CONVERSION = YES;
				CLANG_WARN_COMMA = YES;
				CLANG_WARN_CONSTANT_CONVERSION = YES;
				CLANG_WARN_DEPRECATED_OBJC_IMPLEMENTATIONS = YES;
				CLANG_WARN_DIRECT_OBJC_ISA_USAGE = YES_ERROR;
				CLANG_WARN_DOCUMENTATION_COMMENTS = YES;
				CLANG_WARN_EMPTY_BODY = YES;
				CLANG_WARN_ENUM_CONVERSION = YES;
				CLANG_WARN_INFINITE_RECURSION = YES;
				CLANG_WARN_INT_CONVERSION = YES;
				CLANG_WARN_NON_LITERAL_NULL_CONVERSION = YES;
				CLANG_WARN_OBJC_IMPLICIT_RETAIN_SELF = YES;
				CLANG_WARN_OBJC_LITERAL_CONVERSION = YES;
				CLANG_WARN_OBJC_ROOT_CLASS = YES_ERROR;
				CLANG_WARN_QUOTED_INCLUDE_IN_FRAMEWORK_HEADER = YES;
				CLANG_WARN_RANGE_LOOP_ANALYSIS = YES;
				CLANG_WARN_STRICT_PROTOTYPES = YES;
				CLANG_WARN_SUSPICIOUS_MOVE = YES;
				CLANG_WARN_UNGUARDED_AVAILABILITY = YES_AGGRESSIVE;
				CLANG_WARN_UNREACHABLE_CODE = YES;
				CLANG_WARN__DUPLICATE_METHOD_MATCH = YES;
				COPY_PHASE_STRIP = NO;
				DEBUG_INFORMATION_FORMAT = dwarf;
				ENABLE_STRICT_OBJC_MSGSEND = YES;
				ENABLE_TESTABILITY = YES;
				GCC_C_LANGUAGE_STANDARD = gnu11;
				GCC_DYNAMIC_NO_PIC = NO;
				GCC_NO_COMMON_BLOCKS = YES;
				GCC_OPTIMIZATION_LEVEL = 0;
				GCC_PREPROCESSOR_DEFINITIONS = (
					"DEBUG=1",
					"$(inherited)",
				);
				GCC_WARN_64_TO_32_BIT_CONVERSION = YES;
				GCC_WARN_ABOUT_RETURN_TYPE = YES_ERROR;
				GCC_WARN_UNDECLARED_SELECTOR = YES;
				GCC_WARN_UNINITIALIZED_AUTOS = YES_AGGRESSIVE;
				GCC_WARN_UNUSED_FUNCTION = YES;
				GCC_WARN_UNUSED_VARIABLE = YES;
				IPHONEOS_DEPLOYMENT_TARGET = 16.4;
				MTL_ENABLE_DEBUG_INFO = INCLUDE_SOURCE;
				MTL_FAST_MATH = YES;
				ONLY_ACTIVE_ARCH = YES;
				SDKROOT = iphoneos;
				SWIFT_ACTIVE_COMPILATION_CONDITIONS = DEBUG;
				SWIFT_OPTIMIZATION_LEVEL = "-Onone";
			};
			name = Debug;
		};
		4D56EAFD2A0BBDF600BD615C /* Release */ = {
			isa = XCBuildConfiguration;
			buildSettings = {
				ALWAYS_SEARCH_USER_PATHS = NO;
				CLANG_ANALYZER_LOCALIZABILITY_NONLOCALIZED = YES;
				CLANG_ANALYZER_NONNULL = YES;
				CLANG_ANALYZER_NUMBER_OBJECT_CONVERSION = YES_AGGRESSIVE;
				CLANG_CXX_LANGUAGE_STANDARD = "gnu++20";
				CLANG_ENABLE_MODULES = YES;
				CLANG_ENABLE_OBJC_ARC = YES;
				CLANG_ENABLE_OBJC_WEAK = YES;
				CLANG_WARN_BLOCK_CAPTURE_AUTORELEASING = YES;
				CLANG_WARN_BOOL_CONVERSION = YES;
				CLANG_WARN_COMMA = YES;
				CLANG_WARN_CONSTANT_CONVERSION = YES;
				CLANG_WARN_DEPRECATED_OBJC_IMPLEMENTATIONS = YES;
				CLANG_WARN_DIRECT_OBJC_ISA_USAGE = YES_ERROR;
				CLANG_WARN_DOCUMENTATION_COMMENTS = YES;
				CLANG_WARN_EMPTY_BODY = YES;
				CLANG_WARN_ENUM_CONVERSION = YES;
				CLANG_WARN_INFINITE_RECURSION = YES;
				CLANG_WARN_INT_CONVERSION = YES;
				CLANG_WARN_NON_LITERAL_NULL_CONVERSION = YES;
				CLANG_WARN_OBJC_IMPLICIT_RETAIN_SELF = YES;
				CLANG_WARN_OBJC_LITERAL_CONVERSION = YES;
				CLANG_WARN_OBJC_ROOT_CLASS = YES_ERROR;
				CLANG_WARN_QUOTED_INCLUDE_IN_FRAMEWORK_HEADER = YES;
				CLANG_WARN_RANGE_LOOP_ANALYSIS = YES;
				CLANG_WARN_STRICT_PROTOTYPES = YES;
				CLANG_WARN_SUSPICIOUS_MOVE = YES;
				CLANG_WARN_UNGUARDED_AVAILABILITY = YES_AGGRESSIVE;
				CLANG_WARN_UNREACHABLE_CODE = YES;
				CLANG_WARN__DUPLICATE_METHOD_MATCH = YES;
				COPY_PHASE_STRIP = NO;
				DEBUG_INFORMATION_FORMAT = "dwarf-with-dsym";
				ENABLE_NS_ASSERTIONS = NO;
				ENABLE_STRICT_OBJC_MSGSEND = YES;
				GCC_C_LANGUAGE_STANDARD = gnu11;
				GCC_NO_COMMON_BLOCKS = YES;
				GCC_WARN_64_TO_32_BIT_CONVERSION = YES;
				GCC_WARN_ABOUT_RETURN_TYPE = YES_ERROR;
				GCC_WARN_UNDECLARED_SELECTOR = YES;
				GCC_WARN_UNINITIALIZED_AUTOS = YES_AGGRESSIVE;
				GCC_WARN_UNUSED_FUNCTION = YES;
				GCC_WARN_UNUSED_VARIABLE = YES;
				IPHONEOS_DEPLOYMENT_TARGET = 16.4;
				MTL_ENABLE_DEBUG_INFO = NO;
				MTL_FAST_MATH = YES;
				SDKROOT = iphoneos;
				SWIFT_COMPILATION_MODE = wholemodule;
				SWIFT_OPTIMIZATION_LEVEL = "-O";
				VALIDATE_PRODUCT = YES;
			};
			name = Release;
		};
		4D56EAFF2A0BBDF600BD615C /* Debug */ = {
			isa = XCBuildConfiguration;
			buildSettings = {
				ASSETCATALOG_COMPILER_APPICON_NAME = AppIcon;
				ASSETCATALOG_COMPILER_GLOBAL_ACCENT_COLOR_NAME = AccentColor;
				CODE_SIGN_STYLE = Automatic;
				CURRENT_PROJECT_VERSION = 1;
				DEVELOPMENT_TEAM = U9ND6HRPEN;
				GENERATE_INFOPLIST_FILE = YES;
				INFOPLIST_FILE = LyricMap/Info.plist;
				INFOPLIST_KEY_CFBundleDisplayName = LyricMap;
				INFOPLIST_KEY_LSApplicationCategoryType = "public.app-category.music";
				INFOPLIST_KEY_UIApplicationSupportsIndirectInputEvents = YES;
				INFOPLIST_KEY_UILaunchStoryboardName = LaunchScreen;
				INFOPLIST_KEY_UISupportedInterfaceOrientations = UIInterfaceOrientationPortrait;
				INFOPLIST_KEY_UISupportedInterfaceOrientations_iPad = "UIInterfaceOrientationLandscapeLeft UIInterfaceOrientationLandscapeRight UIInterfaceOrientationPortrait UIInterfaceOrientationPortraitUpsideDown";
				LD_RUNPATH_SEARCH_PATHS = (
					"$(inherited)",
					"@executable_path/Frameworks",
				);
				MARKETING_VERSION = 1.0;
				PRODUCT_BUNDLE_IDENTIFIER = me.stephenfang.LyricMap;
				PRODUCT_NAME = "$(TARGET_NAME)";
				SWIFT_EMIT_LOC_STRINGS = YES;
				SWIFT_VERSION = 5.0;
				TARGETED_DEVICE_FAMILY = "1,2";
			};
			name = Debug;
		};
		4D56EB002A0BBDF600BD615C /* Release */ = {
			isa = XCBuildConfiguration;
			buildSettings = {
				ASSETCATALOG_COMPILER_APPICON_NAME = AppIcon;
				ASSETCATALOG_COMPILER_GLOBAL_ACCENT_COLOR_NAME = AccentColor;
				CODE_SIGN_STYLE = Automatic;
				CURRENT_PROJECT_VERSION = 1;
				DEVELOPMENT_TEAM = U9ND6HRPEN;
				GENERATE_INFOPLIST_FILE = YES;
				INFOPLIST_FILE = LyricMap/Info.plist;
				INFOPLIST_KEY_CFBundleDisplayName = LyricMap;
				INFOPLIST_KEY_LSApplicationCategoryType = "public.app-category.music";
				INFOPLIST_KEY_UIApplicationSupportsIndirectInputEvents = YES;
				INFOPLIST_KEY_UILaunchStoryboardName = LaunchScreen;
				INFOPLIST_KEY_UISupportedInterfaceOrientations = UIInterfaceOrientationPortrait;
				INFOPLIST_KEY_UISupportedInterfaceOrientations_iPad = "UIInterfaceOrientationLandscapeLeft UIInterfaceOrientationLandscapeRight UIInterfaceOrientationPortrait UIInterfaceOrientationPortraitUpsideDown";
				LD_RUNPATH_SEARCH_PATHS = (
					"$(inherited)",
					"@executable_path/Frameworks",
				);
				MARKETING_VERSION = 1.0;
				PRODUCT_BUNDLE_IDENTIFIER = me.stephenfang.LyricMap;
				PRODUCT_NAME = "$(TARGET_NAME)";
				SWIFT_EMIT_LOC_STRINGS = YES;
				SWIFT_VERSION = 5.0;
				TARGETED_DEVICE_FAMILY = "1,2";
			};
			name = Release;
		};
/* End XCBuildConfiguration section */

/* Begin XCConfigurationList section */
		4D56EAE52A0BBDF400BD615C /* Build configuration list for PBXProject "LyricMap" */ = {
			isa = XCConfigurationList;
			buildConfigurations = (
				4D56EAFC2A0BBDF600BD615C /* Debug */,
				4D56EAFD2A0BBDF600BD615C /* Release */,
			);
			defaultConfigurationIsVisible = 0;
			defaultConfigurationName = Release;
		};
		4D56EAFE2A0BBDF600BD615C /* Build configuration list for PBXNativeTarget "LyricMap" */ = {
			isa = XCConfigurationList;
			buildConfigurations = (
				4D56EAFF2A0BBDF600BD615C /* Debug */,
				4D56EB002A0BBDF600BD615C /* Release */,
			);
			defaultConfigurationIsVisible = 0;
			defaultConfigurationName = Release;
		};
/* End XCConfigurationList section */

/* Begin XCRemoteSwiftPackageReference section */
		4D1A6DD52A19056B004ADCA1 /* XCRemoteSwiftPackageReference "SDWebImage" */ = {
			isa = XCRemoteSwiftPackageReference;
			repositoryURL = "https://github.com/SDWebImage/SDWebImage.git";
			requirement = {
				kind = upToNextMajorVersion;
				minimumVersion = 5.0.0;
			};
		};
		4D1A6DDA2A19BB8B004ADCA1 /* XCRemoteSwiftPackageReference "toast-swift" */ = {
			isa = XCRemoteSwiftPackageReference;
			repositoryURL = "https://github.com/BastiaanJansen/toast-swift";
			requirement = {
				kind = upToNextMajorVersion;
				minimumVersion = 1.0.0;
			};
		};
		4D1A6E132A1A7AE6004ADCA1 /* XCRemoteSwiftPackageReference "LookinServer" */ = {
			isa = XCRemoteSwiftPackageReference;
			repositoryURL = "https://github.com/QMUI/LookinServer.git";
			requirement = {
				kind = upToNextMajorVersion;
				minimumVersion = 1.0.0;
			};
		};
		4D8803522A12618600FB6368 /* XCRemoteSwiftPackageReference "SnapKit" */ = {
			isa = XCRemoteSwiftPackageReference;
			repositoryURL = "https://github.com/SnapKit/SnapKit.git";
			requirement = {
				kind = upToNextMajorVersion;
				minimumVersion = 5.0.0;
			};
		};
/* End XCRemoteSwiftPackageReference section */

/* Begin XCSwiftPackageProductDependency section */
		4D1A6DD62A19056B004ADCA1 /* SDWebImage */ = {
			isa = XCSwiftPackageProductDependency;
			package = 4D1A6DD52A19056B004ADCA1 /* XCRemoteSwiftPackageReference "SDWebImage" */;
			productName = SDWebImage;
		};
		4D1A6DD82A19056B004ADCA1 /* SDWebImageMapKit */ = {
			isa = XCSwiftPackageProductDependency;
			package = 4D1A6DD52A19056B004ADCA1 /* XCRemoteSwiftPackageReference "SDWebImage" */;
			productName = SDWebImageMapKit;
		};
		4D1A6DDB2A19BB8B004ADCA1 /* Toast */ = {
			isa = XCSwiftPackageProductDependency;
			package = 4D1A6DDA2A19BB8B004ADCA1 /* XCRemoteSwiftPackageReference "toast-swift" */;
			productName = Toast;
		};
		4D1A6E142A1A7AE6004ADCA1 /* LookinServer */ = {
			isa = XCSwiftPackageProductDependency;
			package = 4D1A6E132A1A7AE6004ADCA1 /* XCRemoteSwiftPackageReference "LookinServer" */;
			productName = LookinServer;
		};
		4D8803532A12618600FB6368 /* SnapKit */ = {
			isa = XCSwiftPackageProductDependency;
			package = 4D8803522A12618600FB6368 /* XCRemoteSwiftPackageReference "SnapKit" */;
			productName = SnapKit;
		};
/* End XCSwiftPackageProductDependency section */
	};
	rootObject = 4D56EAE22A0BBDF400BD615C /* Project object */;
}
